
Microsoft Visual Studio Solution File, Format Version 12.00
# Visual Studio Version 17
VisualStudioVersion = 17.4.33213.308
MinimumVisualStudioVersion = 10.0.40219.1
Project("{F184B08F-C81C-45F6-A57F-5ABD9991F28F}") = "cis311hw2", "cis311hw2\cis311hw2.vbproj", "{E9603654-8297-4C87-83D4-50D6608B298F}"
EndProject
Global
	GlobalSection(SolutionConfigurationPlatforms) = preSolution
		Debug|Any CPU = Debug|Any CPU
		Release|Any CPU = Release|Any CPU
	EndGlobalSection
	GlobalSection(ProjectConfigurationPlatforms) = postSolution
		{E9603654-8297-4C87-83D4-50D6608B298F}.Debug|Any CPU.ActiveCfg = Debug|Any CPU
		{E9603654-8297-4C87-83D4-50D6608B298F}.Debug|Any CPU.Build.0 = Debug|Any CPU
		{E9603654-8297-4C87-83D4-50D6608B298F}.Release|Any CPU.ActiveCfg = Release|Any CPU
		{E9603654-8297-4C87-83D4-50D6608B298F}.Release|Any CPU.Build.0 = Release|Any CPU
	EndGlobalSection
	GlobalSection(SolutionProperties) = preSolution
		HideSolutionNode = FALSE
	EndGlobalSection
	GlobalSection(ExtensibilityGlobals) = postSolution
		SolutionGuid = {0498D16B-BAD9-4077-9A94-1C7611FD319B}
	EndGlobalSection
EndGlobal
