
Microsoft Visual Studio Solution File, Format Version 12.00
# Visual Studio Version 17
VisualStudioVersion = 17.4.33213.308
MinimumVisualStudioVersion = 10.0.40219.1
Project("{F184B08F-C81C-45F6-A57F-5ABD9991F28F}") = "cis311hw5", "cis311hw5\cis311hw5.vbproj", "{024B46C9-E539-4E7F-AA66-ABDA2861B20A}"
EndProject
Global
	GlobalSection(SolutionConfigurationPlatforms) = preSolution
		Debug|Any CPU = Debug|Any CPU
		Release|Any CPU = Release|Any CPU
	EndGlobalSection
	GlobalSection(ProjectConfigurationPlatforms) = postSolution
		{024B46C9-E539-4E7F-AA66-ABDA2861B20A}.Debug|Any CPU.ActiveCfg = Debug|Any CPU
		{024B46C9-E539-4E7F-AA66-ABDA2861B20A}.Debug|Any CPU.Build.0 = Debug|Any CPU
		{024B46C9-E539-4E7F-AA66-ABDA2861B20A}.Release|Any CPU.ActiveCfg = Release|Any CPU
		{024B46C9-E539-4E7F-AA66-ABDA2861B20A}.Release|Any CPU.Build.0 = Release|Any CPU
	EndGlobalSection
	GlobalSection(SolutionProperties) = preSolution
		HideSolutionNode = FALSE
	EndGlobalSection
	GlobalSection(ExtensibilityGlobals) = postSolution
		SolutionGuid = {40078365-1996-459E-9827-92D2D0ADA4E0}
	EndGlobalSection
EndGlobal
